
Microsoft Visual Studio Solution File, Format Version 12.00
# Visual Studio 15
VisualStudioVersion = 15.0.28307.168
MinimumVisualStudioVersion = 10.0.40219.1
Project("{9A19103F-16F7-4668-BE54-9A1E7A4F7556}") = "BlazorPersist", "BlazorPersist\BlazorPersist.csproj", "{13EBA131-214D-4740-924F-539BAB5CC0CD}"
EndProject
Global
	GlobalSection(SolutionConfigurationPlatforms) = preSolution
		Debug|Any CPU = Debug|Any CPU
		Release|Any CPU = Release|Any CPU
	EndGlobalSection
	GlobalSection(ProjectConfigurationPlatforms) = postSolution
		{13EBA131-214D-4740-924F-539BAB5CC0CD}.Debug|Any CPU.ActiveCfg = Debug|Any CPU
		{13EBA131-214D-4740-924F-539BAB5CC0CD}.Debug|Any CPU.Build.0 = Debug|Any CPU
		{13EBA131-214D-4740-924F-539BAB5CC0CD}.Release|Any CPU.ActiveCfg = Release|Any CPU
		{13EBA131-214D-4740-924F-539BAB5CC0CD}.Release|Any CPU.Build.0 = Release|Any CPU
	EndGlobalSection
	GlobalSection(SolutionProperties) = preSolution
		HideSolutionNode = FALSE
	EndGlobalSection
	GlobalSection(ExtensibilityGlobals) = postSolution
		SolutionGuid = {2BB1568D-DCA6-4B42-B064-A8FD4CFABD9E}
	EndGlobalSection
EndGlobal
